
Microsoft Visual Studio Solution File, Format Version 12.00
# Visual Studio Version 17
VisualStudioVersion = 17.8.34330.188
MinimumVisualStudioVersion = 10.0.40219.1
Project("{FAE04EC0-301F-11D3-BF4B-00C04F79EFBC}") = "Project_Demo", "Project_Demo\Project_Demo.csproj", "{093584FE-3C13-46C6-982B-43D13F9CAB4E}"
EndProject
Global
	GlobalSection(SolutionConfigurationPlatforms) = preSolution
		Debug|Any CPU = Debug|Any CPU
		Release|Any CPU = Release|Any CPU
	EndGlobalSection
	GlobalSection(ProjectConfigurationPlatforms) = postSolution
		{093584FE-3C13-46C6-982B-43D13F9CAB4E}.Debug|Any CPU.ActiveCfg = Debug|Any CPU
		{093584FE-3C13-46C6-982B-43D13F9CAB4E}.Debug|Any CPU.Build.0 = Debug|Any CPU
		{093584FE-3C13-46C6-982B-43D13F9CAB4E}.Release|Any CPU.ActiveCfg = Release|Any CPU
		{093584FE-3C13-46C6-982B-43D13F9CAB4E}.Release|Any CPU.Build.0 = Release|Any CPU
	EndGlobalSection
	GlobalSection(SolutionProperties) = preSolution
		HideSolutionNode = FALSE
	EndGlobalSection
	GlobalSection(ExtensibilityGlobals) = postSolution
		SolutionGuid = {650346BB-6F97-4263-A409-986D5C883DC3}
	EndGlobalSection
EndGlobal
